
Microsoft Visual Studio Solution File, Format Version 12.00
# Visual Studio Version 17
VisualStudioVersion = 17.3.32811.315
MinimumVisualStudioVersion = 10.0.40219.1
Project("{FAE04EC0-301F-11D3-BF4B-00C04F79EFBC}") = "Day14Assignment2", "Day14Assignment2.csproj", "{7FCE18DC-AF81-46C4-AB43-D9695311F27C}"
EndProject
Global
	GlobalSection(SolutionConfigurationPlatforms) = preSolution
		Debug|Any CPU = Debug|Any CPU
		Release|Any CPU = Release|Any CPU
	EndGlobalSection
	GlobalSection(ProjectConfigurationPlatforms) = postSolution
		{7FCE18DC-AF81-46C4-AB43-D9695311F27C}.Debug|Any CPU.ActiveCfg = Debug|Any CPU
		{7FCE18DC-AF81-46C4-AB43-D9695311F27C}.Debug|Any CPU.Build.0 = Debug|Any CPU
		{7FCE18DC-AF81-46C4-AB43-D9695311F27C}.Release|Any CPU.ActiveCfg = Release|Any CPU
		{7FCE18DC-AF81-46C4-AB43-D9695311F27C}.Release|Any CPU.Build.0 = Release|Any CPU
	EndGlobalSection
	GlobalSection(SolutionProperties) = preSolution
		HideSolutionNode = FALSE
	EndGlobalSection
	GlobalSection(ExtensibilityGlobals) = postSolution
		SolutionGuid = {1BF261F9-65D2-451D-9F8A-9F4D8F58B9EF}
	EndGlobalSection
EndGlobal
